// !$*UTF8*$!
{
	archiveVersion = 1;
	classes = {
	};
	objectVersion = 56;
	objects = {

/* Begin PBXBuildFile section */
		B151FDE42BF1263F0090D9B7 /* AppDelegate.swift in Sources */ = {isa = PBXBuildFile; fileRef = B151FDE32BF1263F0090D9B7 /* AppDelegate.swift */; };
		B151FDE62BF1263F0090D9B7 /* SceneDelegate.swift in Sources */ = {isa = PBXBuildFile; fileRef = B151FDE52BF1263F0090D9B7 /* SceneDelegate.swift */; };
		B151FDE82BF1263F0090D9B7 /* ApplicationViewController.swift in Sources */ = {isa = PBXBuildFile; fileRef = B151FDE72BF1263F0090D9B7 /* ApplicationViewController.swift */; };
		B151FDEE2BF1263F0090D9B7 /* Yana.xcdatamodeld in Sources */ = {isa = PBXBuildFile; fileRef = B151FDEC2BF1263F0090D9B7 /* Yana.xcdatamodeld */; };
		B151FDF02BF126400090D9B7 /* Assets.xcassets in Resources */ = {isa = PBXBuildFile; fileRef = B151FDEF2BF126400090D9B7 /* Assets.xcassets */; };
		B151FDF32BF126400090D9B7 /* Base in Resources */ = {isa = PBXBuildFile; fileRef = B151FDF22BF126400090D9B7 /* Base */; };
		B151FDFE2BF126400090D9B7 /* YanaTests.swift in Sources */ = {isa = PBXBuildFile; fileRef = B151FDFD2BF126400090D9B7 /* YanaTests.swift */; };
		B151FE082BF126400090D9B7 /* YanaUITests.swift in Sources */ = {isa = PBXBuildFile; fileRef = B151FE072BF126400090D9B7 /* YanaUITests.swift */; };
		B151FE0A2BF126400090D9B7 /* YanaUITestsLaunchTests.swift in Sources */ = {isa = PBXBuildFile; fileRef = B151FE092BF126400090D9B7 /* YanaUITestsLaunchTests.swift */; };
		B151FE182BF128E40090D9B7 /* PersistentContainer.swift in Sources */ = {isa = PBXBuildFile; fileRef = B151FE172BF128E40090D9B7 /* PersistentContainer.swift */; };
		B151FE1A2BF129CB0090D9B7 /* Logger+Extensions.swift in Sources */ = {isa = PBXBuildFile; fileRef = B151FE192BF129CB0090D9B7 /* Logger+Extensions.swift */; };
		B151FE1C2BF12BF70090D9B7 /* ApplicationController.swift in Sources */ = {isa = PBXBuildFile; fileRef = B151FE1B2BF12BF70090D9B7 /* ApplicationController.swift */; };
		B151FE1E2BF12D180090D9B7 /* ApplicationViewModel.swift in Sources */ = {isa = PBXBuildFile; fileRef = B151FE1D2BF12D180090D9B7 /* ApplicationViewModel.swift */; };
		B151FE232BF136960090D9B7 /* SidebarViewController.swift in Sources */ = {isa = PBXBuildFile; fileRef = B151FE222BF136960090D9B7 /* SidebarViewController.swift */; };
		B151FE252BF136B90090D9B7 /* NoteListViewController.swift in Sources */ = {isa = PBXBuildFile; fileRef = B151FE242BF136B90090D9B7 /* NoteListViewController.swift */; };
		B151FE272BF137220090D9B7 /* NoteDetailsViewController.swift in Sources */ = {isa = PBXBuildFile; fileRef = B151FE262BF137220090D9B7 /* NoteDetailsViewController.swift */; };
		B151FE4B2BF156A00090D9B7 /* Localizable.xcstrings in Resources */ = {isa = PBXBuildFile; fileRef = B151FE4A2BF156A00090D9B7 /* Localizable.xcstrings */; };
		B151FE4D2BF157CE0090D9B7 /* SidebarViewModel.swift in Sources */ = {isa = PBXBuildFile; fileRef = B151FE4C2BF157CE0090D9B7 /* SidebarViewModel.swift */; };
		B151FE542BF1590E0090D9B7 /* NoteListViewModel.swift in Sources */ = {isa = PBXBuildFile; fileRef = B151FE532BF1590E0090D9B7 /* NoteListViewModel.swift */; };
		B151FE572BF1595E0090D9B7 /* NoteDetailsViewModel.swift in Sources */ = {isa = PBXBuildFile; fileRef = B151FE562BF1595E0090D9B7 /* NoteDetailsViewModel.swift */; };
/* End PBXBuildFile section */

/* Begin PBXContainerItemProxy section */
		B151FDFA2BF126400090D9B7 /* PBXContainerItemProxy */ = {
			isa = PBXContainerItemProxy;
			containerPortal = B151FDD82BF1263F0090D9B7 /* Project object */;
			proxyType = 1;
			remoteGlobalIDString = B151FDDF2BF1263F0090D9B7;
			remoteInfo = Yana;
		};
		B151FE042BF126400090D9B7 /* PBXContainerItemProxy */ = {
			isa = PBXContainerItemProxy;
			containerPortal = B151FDD82BF1263F0090D9B7 /* Project object */;
			proxyType = 1;
			remoteGlobalIDString = B151FDDF2BF1263F0090D9B7;
			remoteInfo = Yana;
		};
/* End PBXContainerItemProxy section */

/* Begin PBXFileReference section */
		B151FDE02BF1263F0090D9B7 /* Yana.app */ = {isa = PBXFileReference; explicitFileType = wrapper.application; includeInIndex = 0; path = Yana.app; sourceTree = BUILT_PRODUCTS_DIR; };
		B151FDE32BF1263F0090D9B7 /* AppDelegate.swift */ = {isa = PBXFileReference; lastKnownFileType = sourcecode.swift; path = AppDelegate.swift; sourceTree = "<group>"; };
		B151FDE52BF1263F0090D9B7 /* SceneDelegate.swift */ = {isa = PBXFileReference; lastKnownFileType = sourcecode.swift; path = SceneDelegate.swift; sourceTree = "<group>"; };
		B151FDE72BF1263F0090D9B7 /* ApplicationViewController.swift */ = {isa = PBXFileReference; lastKnownFileType = sourcecode.swift; path = ApplicationViewController.swift; sourceTree = "<group>"; };
		B151FDED2BF1263F0090D9B7 /* Yana.xcdatamodel */ = {isa = PBXFileReference; lastKnownFileType = wrapper.xcdatamodel; path = Yana.xcdatamodel; sourceTree = "<group>"; };
		B151FDEF2BF126400090D9B7 /* Assets.xcassets */ = {isa = PBXFileReference; lastKnownFileType = folder.assetcatalog; path = Assets.xcassets; sourceTree = "<group>"; };
		B151FDF22BF126400090D9B7 /* Base */ = {isa = PBXFileReference; lastKnownFileType = file.storyboard; name = Base; path = Base.lproj/LaunchScreen.storyboard; sourceTree = "<group>"; };
		B151FDF42BF126400090D9B7 /* Info.plist */ = {isa = PBXFileReference; lastKnownFileType = text.plist.xml; path = Info.plist; sourceTree = "<group>"; };
		B151FDF92BF126400090D9B7 /* YanaTests.xctest */ = {isa = PBXFileReference; explicitFileType = wrapper.cfbundle; includeInIndex = 0; path = YanaTests.xctest; sourceTree = BUILT_PRODUCTS_DIR; };
		B151FDFD2BF126400090D9B7 /* YanaTests.swift */ = {isa = PBXFileReference; lastKnownFileType = sourcecode.swift; path = YanaTests.swift; sourceTree = "<group>"; };
		B151FE032BF126400090D9B7 /* YanaUITests.xctest */ = {isa = PBXFileReference; explicitFileType = wrapper.cfbundle; includeInIndex = 0; path = YanaUITests.xctest; sourceTree = BUILT_PRODUCTS_DIR; };
		B151FE072BF126400090D9B7 /* YanaUITests.swift */ = {isa = PBXFileReference; lastKnownFileType = sourcecode.swift; path = YanaUITests.swift; sourceTree = "<group>"; };
		B151FE092BF126400090D9B7 /* YanaUITestsLaunchTests.swift */ = {isa = PBXFileReference; lastKnownFileType = sourcecode.swift; path = YanaUITestsLaunchTests.swift; sourceTree = "<group>"; };
		B151FE162BF126A80090D9B7 /* Yana.entitlements */ = {isa = PBXFileReference; lastKnownFileType = text.plist.entitlements; path = Yana.entitlements; sourceTree = "<group>"; };
		B151FE172BF128E40090D9B7 /* PersistentContainer.swift */ = {isa = PBXFileReference; lastKnownFileType = sourcecode.swift; path = PersistentContainer.swift; sourceTree = "<group>"; };
		B151FE192BF129CB0090D9B7 /* Logger+Extensions.swift */ = {isa = PBXFileReference; lastKnownFileType = sourcecode.swift; path = "Logger+Extensions.swift"; sourceTree = "<group>"; };
		B151FE1B2BF12BF70090D9B7 /* ApplicationController.swift */ = {isa = PBXFileReference; lastKnownFileType = sourcecode.swift; path = ApplicationController.swift; sourceTree = "<group>"; };
		B151FE1D2BF12D180090D9B7 /* ApplicationViewModel.swift */ = {isa = PBXFileReference; lastKnownFileType = sourcecode.swift; path = ApplicationViewModel.swift; sourceTree = "<group>"; };
		B151FE222BF136960090D9B7 /* SidebarViewController.swift */ = {isa = PBXFileReference; lastKnownFileType = sourcecode.swift; path = SidebarViewController.swift; sourceTree = "<group>"; };
		B151FE242BF136B90090D9B7 /* NoteListViewController.swift */ = {isa = PBXFileReference; lastKnownFileType = sourcecode.swift; path = NoteListViewController.swift; sourceTree = "<group>"; };
		B151FE262BF137220090D9B7 /* NoteDetailsViewController.swift */ = {isa = PBXFileReference; lastKnownFileType = sourcecode.swift; path = NoteDetailsViewController.swift; sourceTree = "<group>"; };
		B151FE4A2BF156A00090D9B7 /* Localizable.xcstrings */ = {isa = PBXFileReference; lastKnownFileType = text.json.xcstrings; path = Localizable.xcstrings; sourceTree = "<group>"; };
		B151FE4C2BF157CE0090D9B7 /* SidebarViewModel.swift */ = {isa = PBXFileReference; lastKnownFileType = sourcecode.swift; path = SidebarViewModel.swift; sourceTree = "<group>"; };
		B151FE532BF1590E0090D9B7 /* NoteListViewModel.swift */ = {isa = PBXFileReference; lastKnownFileType = sourcecode.swift; path = NoteListViewModel.swift; sourceTree = "<group>"; };
		B151FE562BF1595E0090D9B7 /* NoteDetailsViewModel.swift */ = {isa = PBXFileReference; lastKnownFileType = sourcecode.swift; path = NoteDetailsViewModel.swift; sourceTree = "<group>"; };
/* End PBXFileReference section */

/* Begin PBXFrameworksBuildPhase section */
		B151FDDD2BF1263F0090D9B7 /* Frameworks */ = {
			isa = PBXFrameworksBuildPhase;
			buildActionMask = 2147483647;
			files = (
			);
			runOnlyForDeploymentPostprocessing = 0;
		};
		B151FDF62BF126400090D9B7 /* Frameworks */ = {
			isa = PBXFrameworksBuildPhase;
			buildActionMask = 2147483647;
			files = (
			);
			runOnlyForDeploymentPostprocessing = 0;
		};
		B151FE002BF126400090D9B7 /* Frameworks */ = {
			isa = PBXFrameworksBuildPhase;
			buildActionMask = 2147483647;
			files = (
			);
			runOnlyForDeploymentPostprocessing = 0;
		};
/* End PBXFrameworksBuildPhase section */

/* Begin PBXGroup section */
		B151FDD72BF1263F0090D9B7 = {
			isa = PBXGroup;
			children = (
				B151FDE22BF1263F0090D9B7 /* Yana */,
				B151FDFC2BF126400090D9B7 /* YanaTests */,
				B151FE062BF126400090D9B7 /* YanaUITests */,
				B151FDE12BF1263F0090D9B7 /* Products */,
			);
			sourceTree = "<group>";
		};
		B151FDE12BF1263F0090D9B7 /* Products */ = {
			isa = PBXGroup;
			children = (
				B151FDE02BF1263F0090D9B7 /* Yana.app */,
				B151FDF92BF126400090D9B7 /* YanaTests.xctest */,
				B151FE032BF126400090D9B7 /* YanaUITests.xctest */,
			);
			name = Products;
			sourceTree = "<group>";
		};
		B151FDE22BF1263F0090D9B7 /* Yana */ = {
			isa = PBXGroup;
			children = (
				B151FE202BF1324B0090D9B7 /* RootStack */,
				B151FE582BF159B50090D9B7 /* Modules */,
				B151FE212BF132900090D9B7 /* Extensions */,
				B151FE1F2BF1323F0090D9B7 /* SupportingFiles */,
			);
			path = Yana;
			sourceTree = "<group>";
		};
		B151FDFC2BF126400090D9B7 /* YanaTests */ = {
			isa = PBXGroup;
			children = (
				B151FDFD2BF126400090D9B7 /* YanaTests.swift */,
			);
			path = YanaTests;
			sourceTree = "<group>";
		};
		B151FE062BF126400090D9B7 /* YanaUITests */ = {
			isa = PBXGroup;
			children = (
				B151FE072BF126400090D9B7 /* YanaUITests.swift */,
				B151FE092BF126400090D9B7 /* YanaUITestsLaunchTests.swift */,
			);
			path = YanaUITests;
			sourceTree = "<group>";
		};
		B151FE1F2BF1323F0090D9B7 /* SupportingFiles */ = {
			isa = PBXGroup;
			children = (
				B151FE162BF126A80090D9B7 /* Yana.entitlements */,
				B151FDEF2BF126400090D9B7 /* Assets.xcassets */,
				B151FDF12BF126400090D9B7 /* LaunchScreen.storyboard */,
				B151FDF42BF126400090D9B7 /* Info.plist */,
				B151FDEC2BF1263F0090D9B7 /* Yana.xcdatamodeld */,
				B151FE4A2BF156A00090D9B7 /* Localizable.xcstrings */,
			);
			path = SupportingFiles;
			sourceTree = "<group>";
		};
		B151FE202BF1324B0090D9B7 /* RootStack */ = {
			isa = PBXGroup;
			children = (
				B151FDE32BF1263F0090D9B7 /* AppDelegate.swift */,
				B151FDE52BF1263F0090D9B7 /* SceneDelegate.swift */,
				B151FE1B2BF12BF70090D9B7 /* ApplicationController.swift */,
				B151FE1D2BF12D180090D9B7 /* ApplicationViewModel.swift */,
				B151FDE72BF1263F0090D9B7 /* ApplicationViewController.swift */,
				B151FE172BF128E40090D9B7 /* PersistentContainer.swift */,
			);
			path = RootStack;
			sourceTree = "<group>";
		};
		B151FE212BF132900090D9B7 /* Extensions */ = {
			isa = PBXGroup;
			children = (
				B151FE192BF129CB0090D9B7 /* Logger+Extensions.swift */,
			);
			path = Extensions;
			sourceTree = "<group>";
		};
		B151FE512BF158FA0090D9B7 /* Sidebar */ = {
			isa = PBXGroup;
			children = (
				B151FE4C2BF157CE0090D9B7 /* SidebarViewModel.swift */,
				B151FE222BF136960090D9B7 /* SidebarViewController.swift */,
			);
			path = Sidebar;
			sourceTree = "<group>";
		};
		B151FE522BF159030090D9B7 /* NoteList */ = {
			isa = PBXGroup;
			children = (
				B151FE242BF136B90090D9B7 /* NoteListViewController.swift */,
				B151FE532BF1590E0090D9B7 /* NoteListViewModel.swift */,
			);
			path = NoteList;
			sourceTree = "<group>";
		};
		B151FE552BF1594F0090D9B7 /* NoteDetails */ = {
			isa = PBXGroup;
			children = (
				B151FE262BF137220090D9B7 /* NoteDetailsViewController.swift */,
				B151FE562BF1595E0090D9B7 /* NoteDetailsViewModel.swift */,
			);
			path = NoteDetails;
			sourceTree = "<group>";
		};
		B151FE582BF159B50090D9B7 /* Modules */ = {
			isa = PBXGroup;
			children = (
				B151FE512BF158FA0090D9B7 /* Sidebar */,
				B151FE522BF159030090D9B7 /* NoteList */,
				B151FE552BF1594F0090D9B7 /* NoteDetails */,
			);
			path = Modules;
			sourceTree = "<group>";
		};
/* End PBXGroup section */

/* Begin PBXNativeTarget section */
		B151FDDF2BF1263F0090D9B7 /* Yana */ = {
			isa = PBXNativeTarget;
			buildConfigurationList = B151FE0D2BF126400090D9B7 /* Build configuration list for PBXNativeTarget "Yana" */;
			buildPhases = (
				B151FDDC2BF1263F0090D9B7 /* Sources */,
				B151FDDD2BF1263F0090D9B7 /* Frameworks */,
				B151FDDE2BF1263F0090D9B7 /* Resources */,
			);
			buildRules = (
			);
			dependencies = (
			);
			name = Yana;
			productName = Yana;
			productReference = B151FDE02BF1263F0090D9B7 /* Yana.app */;
			productType = "com.apple.product-type.application";
		};
		B151FDF82BF126400090D9B7 /* YanaTests */ = {
			isa = PBXNativeTarget;
			buildConfigurationList = B151FE102BF126400090D9B7 /* Build configuration list for PBXNativeTarget "YanaTests" */;
			buildPhases = (
				B151FDF52BF126400090D9B7 /* Sources */,
				B151FDF62BF126400090D9B7 /* Frameworks */,
				B151FDF72BF126400090D9B7 /* Resources */,
			);
			buildRules = (
			);
			dependencies = (
				B151FDFB2BF126400090D9B7 /* PBXTargetDependency */,
			);
			name = YanaTests;
			productName = YanaTests;
			productReference = B151FDF92BF126400090D9B7 /* YanaTests.xctest */;
			productType = "com.apple.product-type.bundle.unit-test";
		};
		B151FE022BF126400090D9B7 /* YanaUITests */ = {
			isa = PBXNativeTarget;
			buildConfigurationList = B151FE132BF126400090D9B7 /* Build configuration list for PBXNativeTarget "YanaUITests" */;
			buildPhases = (
				B151FDFF2BF126400090D9B7 /* Sources */,
				B151FE002BF126400090D9B7 /* Frameworks */,
				B151FE012BF126400090D9B7 /* Resources */,
			);
			buildRules = (
			);
			dependencies = (
				B151FE052BF126400090D9B7 /* PBXTargetDependency */,
			);
			name = YanaUITests;
			productName = YanaUITests;
			productReference = B151FE032BF126400090D9B7 /* YanaUITests.xctest */;
			productType = "com.apple.product-type.bundle.ui-testing";
		};
/* End PBXNativeTarget section */

/* Begin PBXProject section */
		B151FDD82BF1263F0090D9B7 /* Project object */ = {
			isa = PBXProject;
			attributes = {
				BuildIndependentTargetsInParallel = 1;
				LastSwiftUpdateCheck = 1530;
				LastUpgradeCheck = 1530;
				TargetAttributes = {
					B151FDDF2BF1263F0090D9B7 = {
						CreatedOnToolsVersion = 15.3;
					};
					B151FDF82BF126400090D9B7 = {
						CreatedOnToolsVersion = 15.3;
						TestTargetID = B151FDDF2BF1263F0090D9B7;
					};
					B151FE022BF126400090D9B7 = {
						CreatedOnToolsVersion = 15.3;
						TestTargetID = B151FDDF2BF1263F0090D9B7;
					};
				};
			};
			buildConfigurationList = B151FDDB2BF1263F0090D9B7 /* Build configuration list for PBXProject "Yana" */;
			compatibilityVersion = "Xcode 14.0";
			developmentRegion = en;
			hasScannedForEncodings = 0;
			knownRegions = (
				en,
				Base,
			);
			mainGroup = B151FDD72BF1263F0090D9B7;
			productRefGroup = B151FDE12BF1263F0090D9B7 /* Products */;
			projectDirPath = "";
			projectRoot = "";
			targets = (
				B151FDDF2BF1263F0090D9B7 /* Yana */,
				B151FDF82BF126400090D9B7 /* YanaTests */,
				B151FE022BF126400090D9B7 /* YanaUITests */,
			);
		};
/* End PBXProject section */

/* Begin PBXResourcesBuildPhase section */
		B151FDDE2BF1263F0090D9B7 /* Resources */ = {
			isa = PBXResourcesBuildPhase;
			buildActionMask = 2147483647;
			files = (
				B151FDF02BF126400090D9B7 /* Assets.xcassets in Resources */,
				B151FDF32BF126400090D9B7 /* Base in Resources */,
				B151FE4B2BF156A00090D9B7 /* Localizable.xcstrings in Resources */,
			);
			runOnlyForDeploymentPostprocessing = 0;
		};
		B151FDF72BF126400090D9B7 /* Resources */ = {
			isa = PBXResourcesBuildPhase;
			buildActionMask = 2147483647;
			files = (
			);
			runOnlyForDeploymentPostprocessing = 0;
		};
		B151FE012BF126400090D9B7 /* Resources */ = {
			isa = PBXResourcesBuildPhase;
			buildActionMask = 2147483647;
			files = (
			);
			runOnlyForDeploymentPostprocessing = 0;
		};
/* End PBXResourcesBuildPhase section */

/* Begin PBXSourcesBuildPhase section */
		B151FDDC2BF1263F0090D9B7 /* Sources */ = {
			isa = PBXSourcesBuildPhase;
			buildActionMask = 2147483647;
			files = (
				B151FDE82BF1263F0090D9B7 /* ApplicationViewController.swift in Sources */,
				B151FDE42BF1263F0090D9B7 /* AppDelegate.swift in Sources */,
				B151FE182BF128E40090D9B7 /* PersistentContainer.swift in Sources */,
				B151FE4D2BF157CE0090D9B7 /* SidebarViewModel.swift in Sources */,
				B151FDEE2BF1263F0090D9B7 /* Yana.xcdatamodeld in Sources */,
				B151FE1C2BF12BF70090D9B7 /* ApplicationController.swift in Sources */,
				B151FE542BF1590E0090D9B7 /* NoteListViewModel.swift in Sources */,
				B151FE1E2BF12D180090D9B7 /* ApplicationViewModel.swift in Sources */,
				B151FE1A2BF129CB0090D9B7 /* Logger+Extensions.swift in Sources */,
				B151FE272BF137220090D9B7 /* NoteDetailsViewController.swift in Sources */,
				B151FE232BF136960090D9B7 /* SidebarViewController.swift in Sources */,
				B151FE252BF136B90090D9B7 /* NoteListViewController.swift in Sources */,
				B151FDE62BF1263F0090D9B7 /* SceneDelegate.swift in Sources */,
				B151FE572BF1595E0090D9B7 /* NoteDetailsViewModel.swift in Sources */,
			);
			runOnlyForDeploymentPostprocessing = 0;
		};
		B151FDF52BF126400090D9B7 /* Sources */ = {
			isa = PBXSourcesBuildPhase;
			buildActionMask = 2147483647;
			files = (
				B151FDFE2BF126400090D9B7 /* YanaTests.swift in Sources */,
			);
			runOnlyForDeploymentPostprocessing = 0;
		};
		B151FDFF2BF126400090D9B7 /* Sources */ = {
			isa = PBXSourcesBuildPhase;
			buildActionMask = 2147483647;
			files = (
				B151FE082BF126400090D9B7 /* YanaUITests.swift in Sources */,
				B151FE0A2BF126400090D9B7 /* YanaUITestsLaunchTests.swift in Sources */,
			);
			runOnlyForDeploymentPostprocessing = 0;
		};
/* End PBXSourcesBuildPhase section */

/* Begin PBXTargetDependency section */
		B151FDFB2BF126400090D9B7 /* PBXTargetDependency */ = {
			isa = PBXTargetDependency;
			target = B151FDDF2BF1263F0090D9B7 /* Yana */;
			targetProxy = B151FDFA2BF126400090D9B7 /* PBXContainerItemProxy */;
		};
		B151FE052BF126400090D9B7 /* PBXTargetDependency */ = {
			isa = PBXTargetDependency;
			target = B151FDDF2BF1263F0090D9B7 /* Yana */;
			targetProxy = B151FE042BF126400090D9B7 /* PBXContainerItemProxy */;
		};
/* End PBXTargetDependency section */

/* Begin PBXVariantGroup section */
		B151FDF12BF126400090D9B7 /* LaunchScreen.storyboard */ = {
			isa = PBXVariantGroup;
			children = (
				B151FDF22BF126400090D9B7 /* Base */,
			);
			name = LaunchScreen.storyboard;
			sourceTree = "<group>";
		};
/* End PBXVariantGroup section */

/* Begin XCBuildConfiguration section */
		B151FE0B2BF126400090D9B7 /* Debug */ = {
			isa = XCBuildConfiguration;
			buildSettings = {
				ALWAYS_SEARCH_USER_PATHS = NO;
				ASSETCATALOG_COMPILER_GENERATE_SWIFT_ASSET_SYMBOL_EXTENSIONS = YES;
				CLANG_ANALYZER_NONNULL = YES;
				CLANG_ANALYZER_NUMBER_OBJECT_CONVERSION = YES_AGGRESSIVE;
				CLANG_CXX_LANGUAGE_STANDARD = "gnu++20";
				CLANG_ENABLE_MODULES = YES;
				CLANG_ENABLE_OBJC_ARC = YES;
				CLANG_ENABLE_OBJC_WEAK = YES;
				CLANG_WARN_BLOCK_CAPTURE_AUTORELEASING = YES;
				CLANG_WARN_BOOL_CONVERSION = YES;
				CLANG_WARN_COMMA = YES;
				CLANG_WARN_CONSTANT_CONVERSION = YES;
				CLANG_WARN_DEPRECATED_OBJC_IMPLEMENTATIONS = YES;
				CLANG_WARN_DIRECT_OBJC_ISA_USAGE = YES_ERROR;
				CLANG_WARN_DOCUMENTATION_COMMENTS = YES;
				CLANG_WARN_EMPTY_BODY = YES;
				CLANG_WARN_ENUM_CONVERSION = YES;
				CLANG_WARN_INFINITE_RECURSION = YES;
				CLANG_WARN_INT_CONVERSION = YES;
				CLANG_WARN_NON_LITERAL_NULL_CONVERSION = YES;
				CLANG_WARN_OBJC_IMPLICIT_RETAIN_SELF = YES;
				CLANG_WARN_OBJC_LITERAL_CONVERSION = YES;
				CLANG_WARN_OBJC_ROOT_CLASS = YES_ERROR;
				CLANG_WARN_QUOTED_INCLUDE_IN_FRAMEWORK_HEADER = YES;
				CLANG_WARN_RANGE_LOOP_ANALYSIS = YES;
				CLANG_WARN_STRICT_PROTOTYPES = YES;
				CLANG_WARN_SUSPICIOUS_MOVE = YES;
				CLANG_WARN_UNGUARDED_AVAILABILITY = YES_AGGRESSIVE;
				CLANG_WARN_UNREACHABLE_CODE = YES;
				CLANG_WARN__DUPLICATE_METHOD_MATCH = YES;
				COPY_PHASE_STRIP = NO;
				DEBUG_INFORMATION_FORMAT = dwarf;
				ENABLE_STRICT_OBJC_MSGSEND = YES;
				ENABLE_TESTABILITY = YES;
				ENABLE_USER_SCRIPT_SANDBOXING = YES;
				GCC_C_LANGUAGE_STANDARD = gnu17;
				GCC_DYNAMIC_NO_PIC = NO;
				GCC_NO_COMMON_BLOCKS = YES;
				GCC_OPTIMIZATION_LEVEL = 0;
				GCC_PREPROCESSOR_DEFINITIONS = (
					"DEBUG=1",
					"$(inherited)",
				);
				GCC_WARN_64_TO_32_BIT_CONVERSION = YES;
				GCC_WARN_ABOUT_RETURN_TYPE = YES_ERROR;
				GCC_WARN_UNDECLARED_SELECTOR = YES;
				GCC_WARN_UNINITIALIZED_AUTOS = YES_AGGRESSIVE;
				GCC_WARN_UNUSED_FUNCTION = YES;
				GCC_WARN_UNUSED_VARIABLE = YES;
				IPHONEOS_DEPLOYMENT_TARGET = 17.4;
				LOCALIZATION_PREFERS_STRING_CATALOGS = YES;
				MTL_ENABLE_DEBUG_INFO = INCLUDE_SOURCE;
				MTL_FAST_MATH = YES;
				ONLY_ACTIVE_ARCH = YES;
				SDKROOT = iphoneos;
				SWIFT_ACTIVE_COMPILATION_CONDITIONS = "DEBUG $(inherited)";
				SWIFT_OPTIMIZATION_LEVEL = "-Onone";
			};
			name = Debug;
		};
		B151FE0C2BF126400090D9B7 /* Release */ = {
			isa = XCBuildConfiguration;
			buildSettings = {
				ALWAYS_SEARCH_USER_PATHS = NO;
				ASSETCATALOG_COMPILER_GENERATE_SWIFT_ASSET_SYMBOL_EXTENSIONS = YES;
				CLANG_ANALYZER_NONNULL = YES;
				CLANG_ANALYZER_NUMBER_OBJECT_CONVERSION = YES_AGGRESSIVE;
				CLANG_CXX_LANGUAGE_STANDARD = "gnu++20";
				CLANG_ENABLE_MODULES = YES;
				CLANG_ENABLE_OBJC_ARC = YES;
				CLANG_ENABLE_OBJC_WEAK = YES;
				CLANG_WARN_BLOCK_CAPTURE_AUTORELEASING = YES;
				CLANG_WARN_BOOL_CONVERSION = YES;
				CLANG_WARN_COMMA = YES;
				CLANG_WARN_CONSTANT_CONVERSION = YES;
				CLANG_WARN_DEPRECATED_OBJC_IMPLEMENTATIONS = YES;
				CLANG_WARN_DIRECT_OBJC_ISA_USAGE = YES_ERROR;
				CLANG_WARN_DOCUMENTATION_COMMENTS = YES;
				CLANG_WARN_EMPTY_BODY = YES;
				CLANG_WARN_ENUM_CONVERSION = YES;
				CLANG_WARN_INFINITE_RECURSION = YES;
				CLANG_WARN_INT_CONVERSION = YES;
				CLANG_WARN_NON_LITERAL_NULL_CONVERSION = YES;
				CLANG_WARN_OBJC_IMPLICIT_RETAIN_SELF = YES;
				CLANG_WARN_OBJC_LITERAL_CONVERSION = YES;
				CLANG_WARN_OBJC_ROOT_CLASS = YES_ERROR;
				CLANG_WARN_QUOTED_INCLUDE_IN_FRAMEWORK_HEADER = YES;
				CLANG_WARN_RANGE_LOOP_ANALYSIS = YES;
				CLANG_WARN_STRICT_PROTOTYPES = YES;
				CLANG_WARN_SUSPICIOUS_MOVE = YES;
				CLANG_WARN_UNGUARDED_AVAILABILITY = YES_AGGRESSIVE;
				CLANG_WARN_UNREACHABLE_CODE = YES;
				CLANG_WARN__DUPLICATE_METHOD_MATCH = YES;
				COPY_PHASE_STRIP = NO;
				DEBUG_INFORMATION_FORMAT = "dwarf-with-dsym";
				ENABLE_NS_ASSERTIONS = NO;
				ENABLE_STRICT_OBJC_MSGSEND = YES;
				ENABLE_USER_SCRIPT_SANDBOXING = YES;
				GCC_C_LANGUAGE_STANDARD = gnu17;
				GCC_NO_COMMON_BLOCKS = YES;
				GCC_WARN_64_TO_32_BIT_CONVERSION = YES;
				GCC_WARN_ABOUT_RETURN_TYPE = YES_ERROR;
				GCC_WARN_UNDECLARED_SELECTOR = YES;
				GCC_WARN_UNINITIALIZED_AUTOS = YES_AGGRESSIVE;
				GCC_WARN_UNUSED_FUNCTION = YES;
				GCC_WARN_UNUSED_VARIABLE = YES;
				IPHONEOS_DEPLOYMENT_TARGET = 17.4;
				LOCALIZATION_PREFERS_STRING_CATALOGS = YES;
				MTL_ENABLE_DEBUG_INFO = NO;
				MTL_FAST_MATH = YES;
				SDKROOT = iphoneos;
				SWIFT_COMPILATION_MODE = wholemodule;
				VALIDATE_PRODUCT = YES;
			};
			name = Release;
		};
		B151FE0E2BF126400090D9B7 /* Debug */ = {
			isa = XCBuildConfiguration;
			buildSettings = {
				ASSETCATALOG_COMPILER_APPICON_NAME = AppIcon;
				ASSETCATALOG_COMPILER_GLOBAL_ACCENT_COLOR_NAME = AccentColor;
				CODE_SIGN_ENTITLEMENTS = Yana/SupportingFiles/Yana.entitlements;
				CODE_SIGN_STYLE = Automatic;
				CURRENT_PROJECT_VERSION = 1;
				DEVELOPMENT_TEAM = NFA8F38A32;
				GENERATE_INFOPLIST_FILE = YES;
				INFOPLIST_FILE = Yana/SupportingFiles/Info.plist;
				INFOPLIST_KEY_LSApplicationCategoryType = "public.app-category.productivity";
				INFOPLIST_KEY_UIApplicationSupportsIndirectInputEvents = YES;
				INFOPLIST_KEY_UILaunchStoryboardName = LaunchScreen;
				INFOPLIST_KEY_UISupportedInterfaceOrientations_iPad = "UIInterfaceOrientationPortrait UIInterfaceOrientationPortraitUpsideDown UIInterfaceOrientationLandscapeLeft UIInterfaceOrientationLandscapeRight";
				INFOPLIST_KEY_UISupportedInterfaceOrientations_iPhone = "UIInterfaceOrientationPortrait UIInterfaceOrientationLandscapeLeft UIInterfaceOrientationLandscapeRight";
				LD_RUNPATH_SEARCH_PATHS = (
					"$(inherited)",
					"@executable_path/Frameworks",
				);
				MARKETING_VERSION = 1.0;
				PRODUCT_BUNDLE_IDENTIFIER = com.shiaulis.Yana;
				PRODUCT_NAME = "$(TARGET_NAME)";
				SWIFT_EMIT_LOC_STRINGS = YES;
				SWIFT_VERSION = 5.0;
				TARGETED_DEVICE_FAMILY = "1,2";
			};
			name = Debug;
		};
		B151FE0F2BF126400090D9B7 /* Release */ = {
			isa = XCBuildConfiguration;
			buildSettings = {
				ASSETCATALOG_COMPILER_APPICON_NAME = AppIcon;
				ASSETCATALOG_COMPILER_GLOBAL_ACCENT_COLOR_NAME = AccentColor;
				CODE_SIGN_ENTITLEMENTS = Yana/SupportingFiles/Yana.entitlements;
				CODE_SIGN_STYLE = Automatic;
				CURRENT_PROJECT_VERSION = 1;
				DEVELOPMENT_TEAM = NFA8F38A32;
				GENERATE_INFOPLIST_FILE = YES;
				INFOPLIST_FILE = Yana/SupportingFiles/Info.plist;
				INFOPLIST_KEY_LSApplicationCategoryType = "public.app-category.productivity";
				INFOPLIST_KEY_UIApplicationSupportsIndirectInputEvents = YES;
				INFOPLIST_KEY_UILaunchStoryboardName = LaunchScreen;
				INFOPLIST_KEY_UISupportedInterfaceOrientations_iPad = "UIInterfaceOrientationPortrait UIInterfaceOrientationPortraitUpsideDown UIInterfaceOrientationLandscapeLeft UIInterfaceOrientationLandscapeRight";
				INFOPLIST_KEY_UISupportedInterfaceOrientations_iPhone = "UIInterfaceOrientationPortrait UIInterfaceOrientationLandscapeLeft UIInterfaceOrientationLandscapeRight";
				LD_RUNPATH_SEARCH_PATHS = (
					"$(inherited)",
					"@executable_path/Frameworks",
				);
				MARKETING_VERSION = 1.0;
				PRODUCT_BUNDLE_IDENTIFIER = com.shiaulis.Yana;
				PRODUCT_NAME = "$(TARGET_NAME)";
				SWIFT_EMIT_LOC_STRINGS = YES;
				SWIFT_VERSION = 5.0;
				TARGETED_DEVICE_FAMILY = "1,2";
			};
			name = Release;
		};
		B151FE112BF126400090D9B7 /* Debug */ = {
			isa = XCBuildConfiguration;
			buildSettings = {
				ALWAYS_EMBED_SWIFT_STANDARD_LIBRARIES = YES;
				BUNDLE_LOADER = "$(TEST_HOST)";
				CODE_SIGN_STYLE = Automatic;
				CURRENT_PROJECT_VERSION = 1;
				DEVELOPMENT_TEAM = NFA8F38A32;
				GENERATE_INFOPLIST_FILE = YES;
				IPHONEOS_DEPLOYMENT_TARGET = 17.4;
				MARKETING_VERSION = 1.0;
				PRODUCT_BUNDLE_IDENTIFIER = com.shiaulis.YanaTests;
				PRODUCT_NAME = "$(TARGET_NAME)";
				SWIFT_EMIT_LOC_STRINGS = NO;
				SWIFT_VERSION = 5.0;
				TARGETED_DEVICE_FAMILY = "1,2";
				TEST_HOST = "$(BUILT_PRODUCTS_DIR)/Yana.app/$(BUNDLE_EXECUTABLE_FOLDER_PATH)/Yana";
			};
			name = Debug;
		};
		B151FE122BF126400090D9B7 /* Release */ = {
			isa = XCBuildConfiguration;
			buildSettings = {
				ALWAYS_EMBED_SWIFT_STANDARD_LIBRARIES = YES;
				BUNDLE_LOADER = "$(TEST_HOST)";
				CODE_SIGN_STYLE = Automatic;
				CURRENT_PROJECT_VERSION = 1;
				DEVELOPMENT_TEAM = NFA8F38A32;
				GENERATE_INFOPLIST_FILE = YES;
				IPHONEOS_DEPLOYMENT_TARGET = 17.4;
				MARKETING_VERSION = 1.0;
				PRODUCT_BUNDLE_IDENTIFIER = com.shiaulis.YanaTests;
				PRODUCT_NAME = "$(TARGET_NAME)";
				SWIFT_EMIT_LOC_STRINGS = NO;
				SWIFT_VERSION = 5.0;
				TARGETED_DEVICE_FAMILY = "1,2";
				TEST_HOST = "$(BUILT_PRODUCTS_DIR)/Yana.app/$(BUNDLE_EXECUTABLE_FOLDER_PATH)/Yana";
			};
			name = Release;
		};
		B151FE142BF126400090D9B7 /* Debug */ = {
			isa = XCBuildConfiguration;
			buildSettings = {
				ALWAYS_EMBED_SWIFT_STANDARD_LIBRARIES = YES;
				CODE_SIGN_STYLE = Automatic;
				CURRENT_PROJECT_VERSION = 1;
				DEVELOPMENT_TEAM = NFA8F38A32;
				GENERATE_INFOPLIST_FILE = YES;
				MARKETING_VERSION = 1.0;
				PRODUCT_BUNDLE_IDENTIFIER = com.shiaulis.YanaUITests;
				PRODUCT_NAME = "$(TARGET_NAME)";
				SWIFT_EMIT_LOC_STRINGS = NO;
				SWIFT_VERSION = 5.0;
				TARGETED_DEVICE_FAMILY = "1,2";
				TEST_TARGET_NAME = Yana;
			};
			name = Debug;
		};
		B151FE152BF126400090D9B7 /* Release */ = {
			isa = XCBuildConfiguration;
			buildSettings = {
				ALWAYS_EMBED_SWIFT_STANDARD_LIBRARIES = YES;
				CODE_SIGN_STYLE = Automatic;
				CURRENT_PROJECT_VERSION = 1;
				DEVELOPMENT_TEAM = NFA8F38A32;
				GENERATE_INFOPLIST_FILE = YES;
				MARKETING_VERSION = 1.0;
				PRODUCT_BUNDLE_IDENTIFIER = com.shiaulis.YanaUITests;
				PRODUCT_NAME = "$(TARGET_NAME)";
				SWIFT_EMIT_LOC_STRINGS = NO;
				SWIFT_VERSION = 5.0;
				TARGETED_DEVICE_FAMILY = "1,2";
				TEST_TARGET_NAME = Yana;
			};
			name = Release;
		};
/* End XCBuildConfiguration section */

/* Begin XCConfigurationList section */
		B151FDDB2BF1263F0090D9B7 /* Build configuration list for PBXProject "Yana" */ = {
			isa = XCConfigurationList;
			buildConfigurations = (
				B151FE0B2BF126400090D9B7 /* Debug */,
				B151FE0C2BF126400090D9B7 /* Release */,
			);
			defaultConfigurationIsVisible = 0;
			defaultConfigurationName = Release;
		};
		B151FE0D2BF126400090D9B7 /* Build configuration list for PBXNativeTarget "Yana" */ = {
			isa = XCConfigurationList;
			buildConfigurations = (
				B151FE0E2BF126400090D9B7 /* Debug */,
				B151FE0F2BF126400090D9B7 /* Release */,
			);
			defaultConfigurationIsVisible = 0;
			defaultConfigurationName = Release;
		};
		B151FE102BF126400090D9B7 /* Build configuration list for PBXNativeTarget "YanaTests" */ = {
			isa = XCConfigurationList;
			buildConfigurations = (
				B151FE112BF126400090D9B7 /* Debug */,
				B151FE122BF126400090D9B7 /* Release */,
			);
			defaultConfigurationIsVisible = 0;
			defaultConfigurationName = Release;
		};
		B151FE132BF126400090D9B7 /* Build configuration list for PBXNativeTarget "YanaUITests" */ = {
			isa = XCConfigurationList;
			buildConfigurations = (
				B151FE142BF126400090D9B7 /* Debug */,
				B151FE152BF126400090D9B7 /* Release */,
			);
			defaultConfigurationIsVisible = 0;
			defaultConfigurationName = Release;
		};
/* End XCConfigurationList section */

/* Begin XCVersionGroup section */
		B151FDEC2BF1263F0090D9B7 /* Yana.xcdatamodeld */ = {
			isa = XCVersionGroup;
			children = (
				B151FDED2BF1263F0090D9B7 /* Yana.xcdatamodel */,
			);
			currentVersion = B151FDED2BF1263F0090D9B7 /* Yana.xcdatamodel */;
			path = Yana.xcdatamodeld;
			sourceTree = "<group>";
			versionGroupType = wrapper.xcdatamodel;
		};
/* End XCVersionGroup section */
	};
	rootObject = B151FDD82BF1263F0090D9B7 /* Project object */;
}
